
Microsoft Visual Studio Solution File, Format Version 12.00
# Visual Studio 15
VisualStudioVersion = 15.0.27130.2010
MinimumVisualStudioVersion = 10.0.40219.1
Project("{FAE04EC0-301F-11D3-BF4B-00C04F79EFBC}") = "AdventOfCode2018", "AdventOfCode2018\AdventOfCode2018.csproj", "{42E8D3E8-E98D-4F99-B3BC-8AAD93FA91ED}"
EndProject
Global
	GlobalSection(SolutionConfigurationPlatforms) = preSolution
		Debug|Any CPU = Debug|Any CPU
		Release|Any CPU = Release|Any CPU
	EndGlobalSection
	GlobalSection(ProjectConfigurationPlatforms) = postSolution
		{42E8D3E8-E98D-4F99-B3BC-8AAD93FA91ED}.Debug|Any CPU.ActiveCfg = Debug|Any CPU
		{42E8D3E8-E98D-4F99-B3BC-8AAD93FA91ED}.Debug|Any CPU.Build.0 = Debug|Any CPU
		{42E8D3E8-E98D-4F99-B3BC-8AAD93FA91ED}.Release|Any CPU.ActiveCfg = Release|Any CPU
		{42E8D3E8-E98D-4F99-B3BC-8AAD93FA91ED}.Release|Any CPU.Build.0 = Release|Any CPU
	EndGlobalSection
	GlobalSection(SolutionProperties) = preSolution
		HideSolutionNode = FALSE
	EndGlobalSection
	GlobalSection(ExtensibilityGlobals) = postSolution
		SolutionGuid = {6AEA4335-D959-48EB-99F8-030BC90CBDB2}
	EndGlobalSection
EndGlobal
